
Microsoft Visual Studio Solution File, Format Version 12.00
# Visual Studio 15
VisualStudioVersion = 15.0.27703.2026
MinimumVisualStudioVersion = 10.0.40219.1
Project("{FAE04EC0-301F-11D3-BF4B-00C04F79EFBC}") = "SReport", "SReport\SReport.csproj", "{BCBCC254-45F2-4850-A46D-F0EFEE5368E1}"
EndProject
Global
	GlobalSection(SolutionConfigurationPlatforms) = preSolution
		Debug|Any CPU = Debug|Any CPU
		Release|Any CPU = Release|Any CPU
	EndGlobalSection
	GlobalSection(ProjectConfigurationPlatforms) = postSolution
		{BCBCC254-45F2-4850-A46D-F0EFEE5368E1}.Debug|Any CPU.ActiveCfg = Debug|Any CPU
		{BCBCC254-45F2-4850-A46D-F0EFEE5368E1}.Debug|Any CPU.Build.0 = Debug|Any CPU
		{BCBCC254-45F2-4850-A46D-F0EFEE5368E1}.Release|Any CPU.ActiveCfg = Release|Any CPU
		{BCBCC254-45F2-4850-A46D-F0EFEE5368E1}.Release|Any CPU.Build.0 = Release|Any CPU
	EndGlobalSection
	GlobalSection(SolutionProperties) = preSolution
		HideSolutionNode = FALSE
	EndGlobalSection
	GlobalSection(ExtensibilityGlobals) = postSolution
		SolutionGuid = {7E17D8EF-5C21-431A-B853-C38DC32EEF2A}
	EndGlobalSection
EndGlobal
